
Microsoft Visual Studio Solution File, Format Version 12.00
# Visual Studio 14
VisualStudioVersion = 14.0.25420.1
MinimumVisualStudioVersion = 10.0.40219.1
Project("{FAE04EC0-301F-11D3-BF4B-00C04F79EFBC}") = "vApus.Monitor.Sources.Base", "vApus.Monitor.Sources.Base\vApus.Monitor.Sources.Base.csproj", "{A7248C1C-32C9-4943-8074-9C210511C475}"
EndProject
Project("{FAE04EC0-301F-11D3-BF4B-00C04F79EFBC}") = "vApus.Monitor.Sources.Generic.Agent", "vApus.Monitor.Sources.Generic.Agent\vApus.Monitor.Sources.Generic.Agent.csproj", "{7E2041CB-84DC-4D51-B786-2A3F79C6C504}"
EndProject
Project("{FAE04EC0-301F-11D3-BF4B-00C04F79EFBC}") = "vApus.Monitor.Sources.Tester", "vApus.Monitor.Sources.Tester\vApus.Monitor.Sources.Tester.csproj", "{89B6B816-D1F2-4BC8-8C17-BFF44240DEFB}"
EndProject
Project("{FAE04EC0-301F-11D3-BF4B-00C04F79EFBC}") = "vApus.Monitor.Sources.Dstat.Agent", "vApus.Monitor.Sources.Dstat.Agent\vApus.Monitor.Sources.Dstat.Agent.csproj", "{CC0054A8-ADDB-42C9-B29C-7B61A6F2CC96}"
EndProject
Project("{FAE04EC0-301F-11D3-BF4B-00C04F79EFBC}") = "vApus.Monitor.Sources.HMT.Agent", "vApus.Monitor.Sources.HMT.Agent\vApus.Monitor.Sources.HMT.Agent.csproj", "{AF54603B-6D9F-4549-AA44-71E9EB262172}"
EndProject
Project("{FAE04EC0-301F-11D3-BF4B-00C04F79EFBC}") = "vApus.Monitor.Sources.WMI.Agent", "vApus.Monitor.Sources.WMI.Agent\vApus.Monitor.Sources.WMI.Agent.csproj", "{4925513D-F95E-4417-83B1-E5C57F2E6679}"
EndProject
Project("{FAE04EC0-301F-11D3-BF4B-00C04F79EFBC}") = "vApus.Monitor.Sources.Racktivity", "vApus.Monitor.Sources.Racktivity\vApus.Monitor.Sources.Racktivity.csproj", "{9E96B99D-5ABE-48EE-A75B-87030E713E9C}"
EndProject
Project("{FAE04EC0-301F-11D3-BF4B-00C04F79EFBC}") = "vApus.Monitor.Sources.ESXi", "vApus.Monitor.Sources.ESXi\vApus.Monitor.Sources.ESXi.csproj", "{526DCC10-DC46-44F0-AE65-8ABDD3CE2712}"
EndProject
Project("{FAE04EC0-301F-11D3-BF4B-00C04F79EFBC}") = "vApus.Monitor.Sources.IPMI", "vApus.Monitor.Sources.IPMI\vApus.Monitor.Sources.IPMI.csproj", "{AE4613F9-F931-4AC5-A326-371E4E3048A0}"
EndProject
Project("{FAE04EC0-301F-11D3-BF4B-00C04F79EFBC}") = "vApus.Monitor.Sources.LocalWMI", "vApus.Monitor.Sources.LocalWMI\vApus.Monitor.Sources.LocalWMI.csproj", "{4DD0DFD4-C692-49DB-B12F-D8F239407AA0}"
EndProject
Project("{FAE04EC0-301F-11D3-BF4B-00C04F79EFBC}") = "vApus.Monitor.Sources.Hotbox.Agent", "vApus.Monitor.Sources.Hotbox.Agent\vApus.Monitor.Sources.Hotbox.Agent.csproj", "{FEC836D1-69F3-45B0-A595-E8A0735B779A}"
EndProject
Project("{FAE04EC0-301F-11D3-BF4B-00C04F79EFBC}") = "vApus.Monitor.Sources.IOstat.Agent", "vApus.Monitor.Sources.IOstat.Agent\vApus.Monitor.Sources.IOstat.Agent.csproj", "{BF26573B-23D6-41B1-B2BD-63CB27B57E8C}"
EndProject
Project("{FAE04EC0-301F-11D3-BF4B-00C04F79EFBC}") = "vApus.Monitor.Sources.Elasticsearch", "vApus.Monitor.Sources.Elasticsearch\vApus.Monitor.Sources.Elasticsearch.csproj", "{6ECD1945-78D2-4DD3-B60A-8C19C634CB11}"
EndProject
Project("{FAE04EC0-301F-11D3-BF4B-00C04F79EFBC}") = "vApus.Monitor.Sources.Sigar.Agent", "vApus.Monitor.Sources.Sigar.Agent\vApus.Monitor.Sources.Sigar.Agent.csproj", "{BEAEB527-14C8-430E-BA2E-9E867730B819}"
EndProject
Project("{FAE04EC0-301F-11D3-BF4B-00C04F79EFBC}") = "vApus.Monitor.Sources.HbaseRegionServer", "vApus.Monitor.Sources.HbaseRegionServer\vApus.Monitor.Sources.HbaseRegionServer.csproj", "{4B540907-E93F-4B8A-B6C1-144611D6F32A}"
EndProject
Project("{FAE04EC0-301F-11D3-BF4B-00C04F79EFBC}") = "vApus.Monitor.Sources.HDFSNameNode", "vApus.Monitor.Sources.HDFSNameNode\vApus.Monitor.Sources.HDFSNameNode.csproj", "{1F300C5F-64C7-4E87-BEBC-7114C4E1789A}"
EndProject
Project("{FAE04EC0-301F-11D3-BF4B-00C04F79EFBC}") = "vApus.Monitor.Sources.HDFSDataNode", "vApus.Monitor.Sources.HDFSDataNode\vApus.Monitor.Sources.HDFSDataNode.csproj", "{8F6CCE5D-C414-4DAB-8CBA-98B52405C6D2}"
EndProject
Project("{FAE04EC0-301F-11D3-BF4B-00C04F79EFBC}") = "vApus.Monitor.Sources.Proc.Agent", "vApus.Monitor.Sources.Proc.Agent\vApus.Monitor.Sources.Proc.Agent.csproj", "{3E5C4387-327D-4ACF-9A8E-D7D9AA899E49}"
EndProject
Project("{FAE04EC0-301F-11D3-BF4B-00C04F79EFBC}") = "vApus.Monitor.Sources.Jolokia", "vApus.Monitor.Sources.Jolokia\vApus.Monitor.Sources.Jolokia.csproj", "{E2471A3F-ABD4-4752-B390-032BD803558E}"
EndProject
Project("{FAE04EC0-301F-11D3-BF4B-00C04F79EFBC}") = "vApus.Monitor.Sources.Gui", "vApus.Monitor.Sources.Gui\vApus.Monitor.Sources.Gui.csproj", "{D9306CDF-415E-4037-B9AF-707EE208A510}"
EndProject
Global
	GlobalSection(SolutionConfigurationPlatforms) = preSolution
		Debug|Any CPU = Debug|Any CPU
		Debug|x64 = Debug|x64
		DevelopmentBuild|Any CPU = DevelopmentBuild|Any CPU
		DevelopmentBuild|x64 = DevelopmentBuild|x64
		Release|Any CPU = Release|Any CPU
		Release|x64 = Release|x64
		TestingBuild|Any CPU = TestingBuild|Any CPU
		TestingBuild|x64 = TestingBuild|x64
	EndGlobalSection
	GlobalSection(ProjectConfigurationPlatforms) = postSolution
		{A7248C1C-32C9-4943-8074-9C210511C475}.Debug|Any CPU.ActiveCfg = Debug|Any CPU
		{A7248C1C-32C9-4943-8074-9C210511C475}.Debug|Any CPU.Build.0 = Debug|Any CPU
		{A7248C1C-32C9-4943-8074-9C210511C475}.Debug|x64.ActiveCfg = Debug|Any CPU
		{A7248C1C-32C9-4943-8074-9C210511C475}.Debug|x64.Build.0 = Debug|Any CPU
		{A7248C1C-32C9-4943-8074-9C210511C475}.DevelopmentBuild|Any CPU.ActiveCfg = Debug|Any CPU
		{A7248C1C-32C9-4943-8074-9C210511C475}.DevelopmentBuild|Any CPU.Build.0 = Debug|Any CPU
		{A7248C1C-32C9-4943-8074-9C210511C475}.DevelopmentBuild|x64.ActiveCfg = Debug|Any CPU
		{A7248C1C-32C9-4943-8074-9C210511C475}.DevelopmentBuild|x64.Build.0 = Debug|Any CPU
		{A7248C1C-32C9-4943-8074-9C210511C475}.Release|Any CPU.ActiveCfg = Release|Any CPU
		{A7248C1C-32C9-4943-8074-9C210511C475}.Release|Any CPU.Build.0 = Release|Any CPU
		{A7248C1C-32C9-4943-8074-9C210511C475}.Release|x64.ActiveCfg = Release|Any CPU
		{A7248C1C-32C9-4943-8074-9C210511C475}.Release|x64.Build.0 = Release|Any CPU
		{A7248C1C-32C9-4943-8074-9C210511C475}.TestingBuild|Any CPU.ActiveCfg = Release|Any CPU
		{A7248C1C-32C9-4943-8074-9C210511C475}.TestingBuild|Any CPU.Build.0 = Release|Any CPU
		{A7248C1C-32C9-4943-8074-9C210511C475}.TestingBuild|x64.ActiveCfg = Release|Any CPU
		{A7248C1C-32C9-4943-8074-9C210511C475}.TestingBuild|x64.Build.0 = Release|Any CPU
		{7E2041CB-84DC-4D51-B786-2A3F79C6C504}.Debug|Any CPU.ActiveCfg = Debug|Any CPU
		{7E2041CB-84DC-4D51-B786-2A3F79C6C504}.Debug|Any CPU.Build.0 = Debug|Any CPU
		{7E2041CB-84DC-4D51-B786-2A3F79C6C504}.Debug|x64.ActiveCfg = Debug|Any CPU
		{7E2041CB-84DC-4D51-B786-2A3F79C6C504}.Debug|x64.Build.0 = Debug|Any CPU
		{7E2041CB-84DC-4D51-B786-2A3F79C6C504}.DevelopmentBuild|Any CPU.ActiveCfg = Debug|Any CPU
		{7E2041CB-84DC-4D51-B786-2A3F79C6C504}.DevelopmentBuild|Any CPU.Build.0 = Debug|Any CPU
		{7E2041CB-84DC-4D51-B786-2A3F79C6C504}.DevelopmentBuild|x64.ActiveCfg = Debug|Any CPU
		{7E2041CB-84DC-4D51-B786-2A3F79C6C504}.DevelopmentBuild|x64.Build.0 = Debug|Any CPU
		{7E2041CB-84DC-4D51-B786-2A3F79C6C504}.Release|Any CPU.ActiveCfg = Release|Any CPU
		{7E2041CB-84DC-4D51-B786-2A3F79C6C504}.Release|Any CPU.Build.0 = Release|Any CPU
		{7E2041CB-84DC-4D51-B786-2A3F79C6C504}.Release|x64.ActiveCfg = Release|Any CPU
		{7E2041CB-84DC-4D51-B786-2A3F79C6C504}.Release|x64.Build.0 = Release|Any CPU
		{7E2041CB-84DC-4D51-B786-2A3F79C6C504}.TestingBuild|Any CPU.ActiveCfg = Release|Any CPU
		{7E2041CB-84DC-4D51-B786-2A3F79C6C504}.TestingBuild|Any CPU.Build.0 = Release|Any CPU
		{7E2041CB-84DC-4D51-B786-2A3F79C6C504}.TestingBuild|x64.ActiveCfg = Release|Any CPU
		{7E2041CB-84DC-4D51-B786-2A3F79C6C504}.TestingBuild|x64.Build.0 = Release|Any CPU
		{89B6B816-D1F2-4BC8-8C17-BFF44240DEFB}.Debug|Any CPU.ActiveCfg = Debug|Any CPU
		{89B6B816-D1F2-4BC8-8C17-BFF44240DEFB}.Debug|Any CPU.Build.0 = Debug|Any CPU
		{89B6B816-D1F2-4BC8-8C17-BFF44240DEFB}.Debug|x64.ActiveCfg = Debug|Any CPU
		{89B6B816-D1F2-4BC8-8C17-BFF44240DEFB}.Debug|x64.Build.0 = Debug|Any CPU
		{89B6B816-D1F2-4BC8-8C17-BFF44240DEFB}.DevelopmentBuild|Any CPU.ActiveCfg = Debug|Any CPU
		{89B6B816-D1F2-4BC8-8C17-BFF44240DEFB}.DevelopmentBuild|Any CPU.Build.0 = Debug|Any CPU
		{89B6B816-D1F2-4BC8-8C17-BFF44240DEFB}.DevelopmentBuild|x64.ActiveCfg = Debug|Any CPU
		{89B6B816-D1F2-4BC8-8C17-BFF44240DEFB}.DevelopmentBuild|x64.Build.0 = Debug|Any CPU
		{89B6B816-D1F2-4BC8-8C17-BFF44240DEFB}.Release|Any CPU.ActiveCfg = Release|Any CPU
		{89B6B816-D1F2-4BC8-8C17-BFF44240DEFB}.Release|Any CPU.Build.0 = Release|Any CPU
		{89B6B816-D1F2-4BC8-8C17-BFF44240DEFB}.Release|x64.ActiveCfg = Release|Any CPU
		{89B6B816-D1F2-4BC8-8C17-BFF44240DEFB}.Release|x64.Build.0 = Release|Any CPU
		{89B6B816-D1F2-4BC8-8C17-BFF44240DEFB}.TestingBuild|Any CPU.ActiveCfg = Release|Any CPU
		{89B6B816-D1F2-4BC8-8C17-BFF44240DEFB}.TestingBuild|Any CPU.Build.0 = Release|Any CPU
		{89B6B816-D1F2-4BC8-8C17-BFF44240DEFB}.TestingBuild|x64.ActiveCfg = Release|Any CPU
		{89B6B816-D1F2-4BC8-8C17-BFF44240DEFB}.TestingBuild|x64.Build.0 = Release|Any CPU
		{CC0054A8-ADDB-42C9-B29C-7B61A6F2CC96}.Debug|Any CPU.ActiveCfg = Debug|Any CPU
		{CC0054A8-ADDB-42C9-B29C-7B61A6F2CC96}.Debug|Any CPU.Build.0 = Debug|Any CPU
		{CC0054A8-ADDB-42C9-B29C-7B61A6F2CC96}.Debug|x64.ActiveCfg = Debug|Any CPU
		{CC0054A8-ADDB-42C9-B29C-7B61A6F2CC96}.Debug|x64.Build.0 = Debug|Any CPU
		{CC0054A8-ADDB-42C9-B29C-7B61A6F2CC96}.DevelopmentBuild|Any CPU.ActiveCfg = Debug|Any CPU
		{CC0054A8-ADDB-42C9-B29C-7B61A6F2CC96}.DevelopmentBuild|Any CPU.Build.0 = Debug|Any CPU
		{CC0054A8-ADDB-42C9-B29C-7B61A6F2CC96}.DevelopmentBuild|x64.ActiveCfg = Debug|Any CPU
		{CC0054A8-ADDB-42C9-B29C-7B61A6F2CC96}.DevelopmentBuild|x64.Build.0 = Debug|Any CPU
		{CC0054A8-ADDB-42C9-B29C-7B61A6F2CC96}.Release|Any CPU.ActiveCfg = Release|Any CPU
		{CC0054A8-ADDB-42C9-B29C-7B61A6F2CC96}.Release|Any CPU.Build.0 = Release|Any CPU
		{CC0054A8-ADDB-42C9-B29C-7B61A6F2CC96}.Release|x64.ActiveCfg = Release|Any CPU
		{CC0054A8-ADDB-42C9-B29C-7B61A6F2CC96}.Release|x64.Build.0 = Release|Any CPU
		{CC0054A8-ADDB-42C9-B29C-7B61A6F2CC96}.TestingBuild|Any CPU.ActiveCfg = Release|Any CPU
		{CC0054A8-ADDB-42C9-B29C-7B61A6F2CC96}.TestingBuild|Any CPU.Build.0 = Release|Any CPU
		{CC0054A8-ADDB-42C9-B29C-7B61A6F2CC96}.TestingBuild|x64.ActiveCfg = Release|Any CPU
		{CC0054A8-ADDB-42C9-B29C-7B61A6F2CC96}.TestingBuild|x64.Build.0 = Release|Any CPU
		{AF54603B-6D9F-4549-AA44-71E9EB262172}.Debug|Any CPU.ActiveCfg = Debug|Any CPU
		{AF54603B-6D9F-4549-AA44-71E9EB262172}.Debug|Any CPU.Build.0 = Debug|Any CPU
		{AF54603B-6D9F-4549-AA44-71E9EB262172}.Debug|x64.ActiveCfg = Debug|Any CPU
		{AF54603B-6D9F-4549-AA44-71E9EB262172}.Debug|x64.Build.0 = Debug|Any CPU
		{AF54603B-6D9F-4549-AA44-71E9EB262172}.DevelopmentBuild|Any CPU.ActiveCfg = Debug|Any CPU
		{AF54603B-6D9F-4549-AA44-71E9EB262172}.DevelopmentBuild|Any CPU.Build.0 = Debug|Any CPU
		{AF54603B-6D9F-4549-AA44-71E9EB262172}.DevelopmentBuild|x64.ActiveCfg = Debug|Any CPU
		{AF54603B-6D9F-4549-AA44-71E9EB262172}.DevelopmentBuild|x64.Build.0 = Debug|Any CPU
		{AF54603B-6D9F-4549-AA44-71E9EB262172}.Release|Any CPU.ActiveCfg = Release|Any CPU
		{AF54603B-6D9F-4549-AA44-71E9EB262172}.Release|Any CPU.Build.0 = Release|Any CPU
		{AF54603B-6D9F-4549-AA44-71E9EB262172}.Release|x64.ActiveCfg = Release|Any CPU
		{AF54603B-6D9F-4549-AA44-71E9EB262172}.Release|x64.Build.0 = Release|Any CPU
		{AF54603B-6D9F-4549-AA44-71E9EB262172}.TestingBuild|Any CPU.ActiveCfg = Release|Any CPU
		{AF54603B-6D9F-4549-AA44-71E9EB262172}.TestingBuild|Any CPU.Build.0 = Release|Any CPU
		{AF54603B-6D9F-4549-AA44-71E9EB262172}.TestingBuild|x64.ActiveCfg = Release|Any CPU
		{AF54603B-6D9F-4549-AA44-71E9EB262172}.TestingBuild|x64.Build.0 = Release|Any CPU
		{4925513D-F95E-4417-83B1-E5C57F2E6679}.Debug|Any CPU.ActiveCfg = Debug|Any CPU
		{4925513D-F95E-4417-83B1-E5C57F2E6679}.Debug|Any CPU.Build.0 = Debug|Any CPU
		{4925513D-F95E-4417-83B1-E5C57F2E6679}.Debug|x64.ActiveCfg = Debug|Any CPU
		{4925513D-F95E-4417-83B1-E5C57F2E6679}.Debug|x64.Build.0 = Debug|Any CPU
		{4925513D-F95E-4417-83B1-E5C57F2E6679}.DevelopmentBuild|Any CPU.ActiveCfg = Debug|Any CPU
		{4925513D-F95E-4417-83B1-E5C57F2E6679}.DevelopmentBuild|Any CPU.Build.0 = Debug|Any CPU
		{4925513D-F95E-4417-83B1-E5C57F2E6679}.DevelopmentBuild|x64.ActiveCfg = Debug|Any CPU
		{4925513D-F95E-4417-83B1-E5C57F2E6679}.DevelopmentBuild|x64.Build.0 = Debug|Any CPU
		{4925513D-F95E-4417-83B1-E5C57F2E6679}.Release|Any CPU.ActiveCfg = Release|Any CPU
		{4925513D-F95E-4417-83B1-E5C57F2E6679}.Release|Any CPU.Build.0 = Release|Any CPU
		{4925513D-F95E-4417-83B1-E5C57F2E6679}.Release|x64.ActiveCfg = Release|Any CPU
		{4925513D-F95E-4417-83B1-E5C57F2E6679}.Release|x64.Build.0 = Release|Any CPU
		{4925513D-F95E-4417-83B1-E5C57F2E6679}.TestingBuild|Any CPU.ActiveCfg = Release|Any CPU
		{4925513D-F95E-4417-83B1-E5C57F2E6679}.TestingBuild|Any CPU.Build.0 = Release|Any CPU
		{4925513D-F95E-4417-83B1-E5C57F2E6679}.TestingBuild|x64.ActiveCfg = Release|Any CPU
		{4925513D-F95E-4417-83B1-E5C57F2E6679}.TestingBuild|x64.Build.0 = Release|Any CPU
		{9E96B99D-5ABE-48EE-A75B-87030E713E9C}.Debug|Any CPU.ActiveCfg = Debug|Any CPU
		{9E96B99D-5ABE-48EE-A75B-87030E713E9C}.Debug|Any CPU.Build.0 = Debug|Any CPU
		{9E96B99D-5ABE-48EE-A75B-87030E713E9C}.Debug|x64.ActiveCfg = Debug|Any CPU
		{9E96B99D-5ABE-48EE-A75B-87030E713E9C}.Debug|x64.Build.0 = Debug|Any CPU
		{9E96B99D-5ABE-48EE-A75B-87030E713E9C}.DevelopmentBuild|Any CPU.ActiveCfg = Debug|Any CPU
		{9E96B99D-5ABE-48EE-A75B-87030E713E9C}.DevelopmentBuild|Any CPU.Build.0 = Debug|Any CPU
		{9E96B99D-5ABE-48EE-A75B-87030E713E9C}.DevelopmentBuild|x64.ActiveCfg = Debug|Any CPU
		{9E96B99D-5ABE-48EE-A75B-87030E713E9C}.DevelopmentBuild|x64.Build.0 = Debug|Any CPU
		{9E96B99D-5ABE-48EE-A75B-87030E713E9C}.Release|Any CPU.ActiveCfg = Release|Any CPU
		{9E96B99D-5ABE-48EE-A75B-87030E713E9C}.Release|Any CPU.Build.0 = Release|Any CPU
		{9E96B99D-5ABE-48EE-A75B-87030E713E9C}.Release|x64.ActiveCfg = Release|Any CPU
		{9E96B99D-5ABE-48EE-A75B-87030E713E9C}.Release|x64.Build.0 = Release|Any CPU
		{9E96B99D-5ABE-48EE-A75B-87030E713E9C}.TestingBuild|Any CPU.ActiveCfg = Release|Any CPU
		{9E96B99D-5ABE-48EE-A75B-87030E713E9C}.TestingBuild|Any CPU.Build.0 = Release|Any CPU
		{9E96B99D-5ABE-48EE-A75B-87030E713E9C}.TestingBuild|x64.ActiveCfg = Release|Any CPU
		{9E96B99D-5ABE-48EE-A75B-87030E713E9C}.TestingBuild|x64.Build.0 = Release|Any CPU
		{526DCC10-DC46-44F0-AE65-8ABDD3CE2712}.Debug|Any CPU.ActiveCfg = Debug|Any CPU
		{526DCC10-DC46-44F0-AE65-8ABDD3CE2712}.Debug|Any CPU.Build.0 = Debug|Any CPU
		{526DCC10-DC46-44F0-AE65-8ABDD3CE2712}.Debug|x64.ActiveCfg = Debug|Any CPU
		{526DCC10-DC46-44F0-AE65-8ABDD3CE2712}.Debug|x64.Build.0 = Debug|Any CPU
		{526DCC10-DC46-44F0-AE65-8ABDD3CE2712}.DevelopmentBuild|Any CPU.ActiveCfg = Debug|Any CPU
		{526DCC10-DC46-44F0-AE65-8ABDD3CE2712}.DevelopmentBuild|Any CPU.Build.0 = Debug|Any CPU
		{526DCC10-DC46-44F0-AE65-8ABDD3CE2712}.DevelopmentBuild|x64.ActiveCfg = Debug|Any CPU
		{526DCC10-DC46-44F0-AE65-8ABDD3CE2712}.DevelopmentBuild|x64.Build.0 = Debug|Any CPU
		{526DCC10-DC46-44F0-AE65-8ABDD3CE2712}.Release|Any CPU.ActiveCfg = Release|Any CPU
		{526DCC10-DC46-44F0-AE65-8ABDD3CE2712}.Release|Any CPU.Build.0 = Release|Any CPU
		{526DCC10-DC46-44F0-AE65-8ABDD3CE2712}.Release|x64.ActiveCfg = Release|Any CPU
		{526DCC10-DC46-44F0-AE65-8ABDD3CE2712}.Release|x64.Build.0 = Release|Any CPU
		{526DCC10-DC46-44F0-AE65-8ABDD3CE2712}.TestingBuild|Any CPU.ActiveCfg = Release|Any CPU
		{526DCC10-DC46-44F0-AE65-8ABDD3CE2712}.TestingBuild|Any CPU.Build.0 = Release|Any CPU
		{526DCC10-DC46-44F0-AE65-8ABDD3CE2712}.TestingBuild|x64.ActiveCfg = Release|Any CPU
		{526DCC10-DC46-44F0-AE65-8ABDD3CE2712}.TestingBuild|x64.Build.0 = Release|Any CPU
		{AE4613F9-F931-4AC5-A326-371E4E3048A0}.Debug|Any CPU.ActiveCfg = Debug|Any CPU
		{AE4613F9-F931-4AC5-A326-371E4E3048A0}.Debug|Any CPU.Build.0 = Debug|Any CPU
		{AE4613F9-F931-4AC5-A326-371E4E3048A0}.Debug|x64.ActiveCfg = Debug|Any CPU
		{AE4613F9-F931-4AC5-A326-371E4E3048A0}.Debug|x64.Build.0 = Debug|Any CPU
		{AE4613F9-F931-4AC5-A326-371E4E3048A0}.DevelopmentBuild|Any CPU.ActiveCfg = Debug|Any CPU
		{AE4613F9-F931-4AC5-A326-371E4E3048A0}.DevelopmentBuild|Any CPU.Build.0 = Debug|Any CPU
		{AE4613F9-F931-4AC5-A326-371E4E3048A0}.DevelopmentBuild|x64.ActiveCfg = Debug|Any CPU
		{AE4613F9-F931-4AC5-A326-371E4E3048A0}.DevelopmentBuild|x64.Build.0 = Debug|Any CPU
		{AE4613F9-F931-4AC5-A326-371E4E3048A0}.Release|Any CPU.ActiveCfg = Release|Any CPU
		{AE4613F9-F931-4AC5-A326-371E4E3048A0}.Release|Any CPU.Build.0 = Release|Any CPU
		{AE4613F9-F931-4AC5-A326-371E4E3048A0}.Release|x64.ActiveCfg = Release|Any CPU
		{AE4613F9-F931-4AC5-A326-371E4E3048A0}.Release|x64.Build.0 = Release|Any CPU
		{AE4613F9-F931-4AC5-A326-371E4E3048A0}.TestingBuild|Any CPU.ActiveCfg = Release|Any CPU
		{AE4613F9-F931-4AC5-A326-371E4E3048A0}.TestingBuild|Any CPU.Build.0 = Release|Any CPU
		{AE4613F9-F931-4AC5-A326-371E4E3048A0}.TestingBuild|x64.ActiveCfg = Release|Any CPU
		{AE4613F9-F931-4AC5-A326-371E4E3048A0}.TestingBuild|x64.Build.0 = Release|Any CPU
		{4DD0DFD4-C692-49DB-B12F-D8F239407AA0}.Debug|Any CPU.ActiveCfg = Debug|Any CPU
		{4DD0DFD4-C692-49DB-B12F-D8F239407AA0}.Debug|Any CPU.Build.0 = Debug|Any CPU
		{4DD0DFD4-C692-49DB-B12F-D8F239407AA0}.Debug|x64.ActiveCfg = Debug|Any CPU
		{4DD0DFD4-C692-49DB-B12F-D8F239407AA0}.Debug|x64.Build.0 = Debug|Any CPU
		{4DD0DFD4-C692-49DB-B12F-D8F239407AA0}.DevelopmentBuild|Any CPU.ActiveCfg = Debug|Any CPU
		{4DD0DFD4-C692-49DB-B12F-D8F239407AA0}.DevelopmentBuild|Any CPU.Build.0 = Debug|Any CPU
		{4DD0DFD4-C692-49DB-B12F-D8F239407AA0}.DevelopmentBuild|x64.ActiveCfg = Debug|Any CPU
		{4DD0DFD4-C692-49DB-B12F-D8F239407AA0}.DevelopmentBuild|x64.Build.0 = Debug|Any CPU
		{4DD0DFD4-C692-49DB-B12F-D8F239407AA0}.Release|Any CPU.ActiveCfg = Release|Any CPU
		{4DD0DFD4-C692-49DB-B12F-D8F239407AA0}.Release|Any CPU.Build.0 = Release|Any CPU
		{4DD0DFD4-C692-49DB-B12F-D8F239407AA0}.Release|x64.ActiveCfg = Release|Any CPU
		{4DD0DFD4-C692-49DB-B12F-D8F239407AA0}.Release|x64.Build.0 = Release|Any CPU
		{4DD0DFD4-C692-49DB-B12F-D8F239407AA0}.TestingBuild|Any CPU.ActiveCfg = Release|Any CPU
		{4DD0DFD4-C692-49DB-B12F-D8F239407AA0}.TestingBuild|Any CPU.Build.0 = Release|Any CPU
		{4DD0DFD4-C692-49DB-B12F-D8F239407AA0}.TestingBuild|x64.ActiveCfg = Release|Any CPU
		{4DD0DFD4-C692-49DB-B12F-D8F239407AA0}.TestingBuild|x64.Build.0 = Release|Any CPU
		{FEC836D1-69F3-45B0-A595-E8A0735B779A}.Debug|Any CPU.ActiveCfg = Debug|Any CPU
		{FEC836D1-69F3-45B0-A595-E8A0735B779A}.Debug|Any CPU.Build.0 = Debug|Any CPU
		{FEC836D1-69F3-45B0-A595-E8A0735B779A}.Debug|x64.ActiveCfg = Debug|Any CPU
		{FEC836D1-69F3-45B0-A595-E8A0735B779A}.Debug|x64.Build.0 = Debug|Any CPU
		{FEC836D1-69F3-45B0-A595-E8A0735B779A}.DevelopmentBuild|Any CPU.ActiveCfg = Debug|Any CPU
		{FEC836D1-69F3-45B0-A595-E8A0735B779A}.DevelopmentBuild|Any CPU.Build.0 = Debug|Any CPU
		{FEC836D1-69F3-45B0-A595-E8A0735B779A}.DevelopmentBuild|x64.ActiveCfg = Debug|Any CPU
		{FEC836D1-69F3-45B0-A595-E8A0735B779A}.DevelopmentBuild|x64.Build.0 = Debug|Any CPU
		{FEC836D1-69F3-45B0-A595-E8A0735B779A}.Release|Any CPU.ActiveCfg = Release|Any CPU
		{FEC836D1-69F3-45B0-A595-E8A0735B779A}.Release|Any CPU.Build.0 = Release|Any CPU
		{FEC836D1-69F3-45B0-A595-E8A0735B779A}.Release|x64.ActiveCfg = Release|Any CPU
		{FEC836D1-69F3-45B0-A595-E8A0735B779A}.Release|x64.Build.0 = Release|Any CPU
		{FEC836D1-69F3-45B0-A595-E8A0735B779A}.TestingBuild|Any CPU.ActiveCfg = Release|Any CPU
		{FEC836D1-69F3-45B0-A595-E8A0735B779A}.TestingBuild|Any CPU.Build.0 = Release|Any CPU
		{FEC836D1-69F3-45B0-A595-E8A0735B779A}.TestingBuild|x64.ActiveCfg = Release|Any CPU
		{FEC836D1-69F3-45B0-A595-E8A0735B779A}.TestingBuild|x64.Build.0 = Release|Any CPU
		{BF26573B-23D6-41B1-B2BD-63CB27B57E8C}.Debug|Any CPU.ActiveCfg = Debug|Any CPU
		{BF26573B-23D6-41B1-B2BD-63CB27B57E8C}.Debug|Any CPU.Build.0 = Debug|Any CPU
		{BF26573B-23D6-41B1-B2BD-63CB27B57E8C}.Debug|x64.ActiveCfg = Debug|Any CPU
		{BF26573B-23D6-41B1-B2BD-63CB27B57E8C}.Debug|x64.Build.0 = Debug|Any CPU
		{BF26573B-23D6-41B1-B2BD-63CB27B57E8C}.DevelopmentBuild|Any CPU.ActiveCfg = Debug|Any CPU
		{BF26573B-23D6-41B1-B2BD-63CB27B57E8C}.DevelopmentBuild|Any CPU.Build.0 = Debug|Any CPU
		{BF26573B-23D6-41B1-B2BD-63CB27B57E8C}.DevelopmentBuild|x64.ActiveCfg = Debug|Any CPU
		{BF26573B-23D6-41B1-B2BD-63CB27B57E8C}.DevelopmentBuild|x64.Build.0 = Debug|Any CPU
		{BF26573B-23D6-41B1-B2BD-63CB27B57E8C}.Release|Any CPU.ActiveCfg = Release|Any CPU
		{BF26573B-23D6-41B1-B2BD-63CB27B57E8C}.Release|Any CPU.Build.0 = Release|Any CPU
		{BF26573B-23D6-41B1-B2BD-63CB27B57E8C}.Release|x64.ActiveCfg = Release|Any CPU
		{BF26573B-23D6-41B1-B2BD-63CB27B57E8C}.Release|x64.Build.0 = Release|Any CPU
		{BF26573B-23D6-41B1-B2BD-63CB27B57E8C}.TestingBuild|Any CPU.ActiveCfg = Release|Any CPU
		{BF26573B-23D6-41B1-B2BD-63CB27B57E8C}.TestingBuild|Any CPU.Build.0 = Release|Any CPU
		{BF26573B-23D6-41B1-B2BD-63CB27B57E8C}.TestingBuild|x64.ActiveCfg = Release|Any CPU
		{BF26573B-23D6-41B1-B2BD-63CB27B57E8C}.TestingBuild|x64.Build.0 = Release|Any CPU
		{6ECD1945-78D2-4DD3-B60A-8C19C634CB11}.Debug|Any CPU.ActiveCfg = Debug|Any CPU
		{6ECD1945-78D2-4DD3-B60A-8C19C634CB11}.Debug|Any CPU.Build.0 = Debug|Any CPU
		{6ECD1945-78D2-4DD3-B60A-8C19C634CB11}.Debug|x64.ActiveCfg = Debug|Any CPU
		{6ECD1945-78D2-4DD3-B60A-8C19C634CB11}.Debug|x64.Build.0 = Debug|Any CPU
		{6ECD1945-78D2-4DD3-B60A-8C19C634CB11}.DevelopmentBuild|Any CPU.ActiveCfg = Debug|Any CPU
		{6ECD1945-78D2-4DD3-B60A-8C19C634CB11}.DevelopmentBuild|Any CPU.Build.0 = Debug|Any CPU
		{6ECD1945-78D2-4DD3-B60A-8C19C634CB11}.DevelopmentBuild|x64.ActiveCfg = Debug|Any CPU
		{6ECD1945-78D2-4DD3-B60A-8C19C634CB11}.DevelopmentBuild|x64.Build.0 = Debug|Any CPU
		{6ECD1945-78D2-4DD3-B60A-8C19C634CB11}.Release|Any CPU.ActiveCfg = Release|Any CPU
		{6ECD1945-78D2-4DD3-B60A-8C19C634CB11}.Release|Any CPU.Build.0 = Release|Any CPU
		{6ECD1945-78D2-4DD3-B60A-8C19C634CB11}.Release|x64.ActiveCfg = Release|Any CPU
		{6ECD1945-78D2-4DD3-B60A-8C19C634CB11}.Release|x64.Build.0 = Release|Any CPU
		{6ECD1945-78D2-4DD3-B60A-8C19C634CB11}.TestingBuild|Any CPU.ActiveCfg = Release|Any CPU
		{6ECD1945-78D2-4DD3-B60A-8C19C634CB11}.TestingBuild|Any CPU.Build.0 = Release|Any CPU
		{6ECD1945-78D2-4DD3-B60A-8C19C634CB11}.TestingBuild|x64.ActiveCfg = Release|Any CPU
		{6ECD1945-78D2-4DD3-B60A-8C19C634CB11}.TestingBuild|x64.Build.0 = Release|Any CPU
		{BEAEB527-14C8-430E-BA2E-9E867730B819}.Debug|Any CPU.ActiveCfg = Debug|Any CPU
		{BEAEB527-14C8-430E-BA2E-9E867730B819}.Debug|Any CPU.Build.0 = Debug|Any CPU
		{BEAEB527-14C8-430E-BA2E-9E867730B819}.Debug|x64.ActiveCfg = Debug|Any CPU
		{BEAEB527-14C8-430E-BA2E-9E867730B819}.Debug|x64.Build.0 = Debug|Any CPU
		{BEAEB527-14C8-430E-BA2E-9E867730B819}.DevelopmentBuild|Any CPU.ActiveCfg = Debug|Any CPU
		{BEAEB527-14C8-430E-BA2E-9E867730B819}.DevelopmentBuild|Any CPU.Build.0 = Debug|Any CPU
		{BEAEB527-14C8-430E-BA2E-9E867730B819}.DevelopmentBuild|x64.ActiveCfg = Debug|Any CPU
		{BEAEB527-14C8-430E-BA2E-9E867730B819}.DevelopmentBuild|x64.Build.0 = Debug|Any CPU
		{BEAEB527-14C8-430E-BA2E-9E867730B819}.Release|Any CPU.ActiveCfg = Release|Any CPU
		{BEAEB527-14C8-430E-BA2E-9E867730B819}.Release|Any CPU.Build.0 = Release|Any CPU
		{BEAEB527-14C8-430E-BA2E-9E867730B819}.Release|x64.ActiveCfg = Release|Any CPU
		{BEAEB527-14C8-430E-BA2E-9E867730B819}.Release|x64.Build.0 = Release|Any CPU
		{BEAEB527-14C8-430E-BA2E-9E867730B819}.TestingBuild|Any CPU.ActiveCfg = Release|Any CPU
		{BEAEB527-14C8-430E-BA2E-9E867730B819}.TestingBuild|Any CPU.Build.0 = Release|Any CPU
		{BEAEB527-14C8-430E-BA2E-9E867730B819}.TestingBuild|x64.ActiveCfg = Release|Any CPU
		{BEAEB527-14C8-430E-BA2E-9E867730B819}.TestingBuild|x64.Build.0 = Release|Any CPU
		{4B540907-E93F-4B8A-B6C1-144611D6F32A}.Debug|Any CPU.ActiveCfg = Debug|Any CPU
		{4B540907-E93F-4B8A-B6C1-144611D6F32A}.Debug|Any CPU.Build.0 = Debug|Any CPU
		{4B540907-E93F-4B8A-B6C1-144611D6F32A}.Debug|x64.ActiveCfg = Debug|Any CPU
		{4B540907-E93F-4B8A-B6C1-144611D6F32A}.Debug|x64.Build.0 = Debug|Any CPU
		{4B540907-E93F-4B8A-B6C1-144611D6F32A}.DevelopmentBuild|Any CPU.ActiveCfg = Debug|Any CPU
		{4B540907-E93F-4B8A-B6C1-144611D6F32A}.DevelopmentBuild|Any CPU.Build.0 = Debug|Any CPU
		{4B540907-E93F-4B8A-B6C1-144611D6F32A}.DevelopmentBuild|x64.ActiveCfg = Debug|Any CPU
		{4B540907-E93F-4B8A-B6C1-144611D6F32A}.DevelopmentBuild|x64.Build.0 = Debug|Any CPU
		{4B540907-E93F-4B8A-B6C1-144611D6F32A}.Release|Any CPU.ActiveCfg = Release|Any CPU
		{4B540907-E93F-4B8A-B6C1-144611D6F32A}.Release|Any CPU.Build.0 = Release|Any CPU
		{4B540907-E93F-4B8A-B6C1-144611D6F32A}.Release|x64.ActiveCfg = Release|Any CPU
		{4B540907-E93F-4B8A-B6C1-144611D6F32A}.Release|x64.Build.0 = Release|Any CPU
		{4B540907-E93F-4B8A-B6C1-144611D6F32A}.TestingBuild|Any CPU.ActiveCfg = Release|Any CPU
		{4B540907-E93F-4B8A-B6C1-144611D6F32A}.TestingBuild|Any CPU.Build.0 = Release|Any CPU
		{4B540907-E93F-4B8A-B6C1-144611D6F32A}.TestingBuild|x64.ActiveCfg = Release|Any CPU
		{4B540907-E93F-4B8A-B6C1-144611D6F32A}.TestingBuild|x64.Build.0 = Release|Any CPU
		{1F300C5F-64C7-4E87-BEBC-7114C4E1789A}.Debug|Any CPU.ActiveCfg = Debug|Any CPU
		{1F300C5F-64C7-4E87-BEBC-7114C4E1789A}.Debug|Any CPU.Build.0 = Debug|Any CPU
		{1F300C5F-64C7-4E87-BEBC-7114C4E1789A}.Debug|x64.ActiveCfg = Debug|Any CPU
		{1F300C5F-64C7-4E87-BEBC-7114C4E1789A}.Debug|x64.Build.0 = Debug|Any CPU
		{1F300C5F-64C7-4E87-BEBC-7114C4E1789A}.DevelopmentBuild|Any CPU.ActiveCfg = Debug|Any CPU
		{1F300C5F-64C7-4E87-BEBC-7114C4E1789A}.DevelopmentBuild|Any CPU.Build.0 = Debug|Any CPU
		{1F300C5F-64C7-4E87-BEBC-7114C4E1789A}.DevelopmentBuild|x64.ActiveCfg = Debug|Any CPU
		{1F300C5F-64C7-4E87-BEBC-7114C4E1789A}.DevelopmentBuild|x64.Build.0 = Debug|Any CPU
		{1F300C5F-64C7-4E87-BEBC-7114C4E1789A}.Release|Any CPU.ActiveCfg = Release|Any CPU
		{1F300C5F-64C7-4E87-BEBC-7114C4E1789A}.Release|Any CPU.Build.0 = Release|Any CPU
		{1F300C5F-64C7-4E87-BEBC-7114C4E1789A}.Release|x64.ActiveCfg = Release|Any CPU
		{1F300C5F-64C7-4E87-BEBC-7114C4E1789A}.Release|x64.Build.0 = Release|Any CPU
		{1F300C5F-64C7-4E87-BEBC-7114C4E1789A}.TestingBuild|Any CPU.ActiveCfg = Release|Any CPU
		{1F300C5F-64C7-4E87-BEBC-7114C4E1789A}.TestingBuild|Any CPU.Build.0 = Release|Any CPU
		{1F300C5F-64C7-4E87-BEBC-7114C4E1789A}.TestingBuild|x64.ActiveCfg = Release|Any CPU
		{1F300C5F-64C7-4E87-BEBC-7114C4E1789A}.TestingBuild|x64.Build.0 = Release|Any CPU
		{8F6CCE5D-C414-4DAB-8CBA-98B52405C6D2}.Debug|Any CPU.ActiveCfg = Debug|Any CPU
		{8F6CCE5D-C414-4DAB-8CBA-98B52405C6D2}.Debug|Any CPU.Build.0 = Debug|Any CPU
		{8F6CCE5D-C414-4DAB-8CBA-98B52405C6D2}.Debug|x64.ActiveCfg = Debug|Any CPU
		{8F6CCE5D-C414-4DAB-8CBA-98B52405C6D2}.Debug|x64.Build.0 = Debug|Any CPU
		{8F6CCE5D-C414-4DAB-8CBA-98B52405C6D2}.DevelopmentBuild|Any CPU.ActiveCfg = Debug|Any CPU
		{8F6CCE5D-C414-4DAB-8CBA-98B52405C6D2}.DevelopmentBuild|Any CPU.Build.0 = Debug|Any CPU
		{8F6CCE5D-C414-4DAB-8CBA-98B52405C6D2}.DevelopmentBuild|x64.ActiveCfg = Debug|Any CPU
		{8F6CCE5D-C414-4DAB-8CBA-98B52405C6D2}.DevelopmentBuild|x64.Build.0 = Debug|Any CPU
		{8F6CCE5D-C414-4DAB-8CBA-98B52405C6D2}.Release|Any CPU.ActiveCfg = Release|Any CPU
		{8F6CCE5D-C414-4DAB-8CBA-98B52405C6D2}.Release|Any CPU.Build.0 = Release|Any CPU
		{8F6CCE5D-C414-4DAB-8CBA-98B52405C6D2}.Release|x64.ActiveCfg = Release|Any CPU
		{8F6CCE5D-C414-4DAB-8CBA-98B52405C6D2}.Release|x64.Build.0 = Release|Any CPU
		{8F6CCE5D-C414-4DAB-8CBA-98B52405C6D2}.TestingBuild|Any CPU.ActiveCfg = Release|Any CPU
		{8F6CCE5D-C414-4DAB-8CBA-98B52405C6D2}.TestingBuild|Any CPU.Build.0 = Release|Any CPU
		{8F6CCE5D-C414-4DAB-8CBA-98B52405C6D2}.TestingBuild|x64.ActiveCfg = Release|Any CPU
		{8F6CCE5D-C414-4DAB-8CBA-98B52405C6D2}.TestingBuild|x64.Build.0 = Release|Any CPU
		{3E5C4387-327D-4ACF-9A8E-D7D9AA899E49}.Debug|Any CPU.ActiveCfg = Debug|Any CPU
		{3E5C4387-327D-4ACF-9A8E-D7D9AA899E49}.Debug|Any CPU.Build.0 = Debug|Any CPU
		{3E5C4387-327D-4ACF-9A8E-D7D9AA899E49}.Debug|x64.ActiveCfg = Debug|Any CPU
		{3E5C4387-327D-4ACF-9A8E-D7D9AA899E49}.Debug|x64.Build.0 = Debug|Any CPU
		{3E5C4387-327D-4ACF-9A8E-D7D9AA899E49}.DevelopmentBuild|Any CPU.ActiveCfg = Debug|Any CPU
		{3E5C4387-327D-4ACF-9A8E-D7D9AA899E49}.DevelopmentBuild|Any CPU.Build.0 = Debug|Any CPU
		{3E5C4387-327D-4ACF-9A8E-D7D9AA899E49}.DevelopmentBuild|x64.ActiveCfg = Debug|Any CPU
		{3E5C4387-327D-4ACF-9A8E-D7D9AA899E49}.DevelopmentBuild|x64.Build.0 = Debug|Any CPU
		{3E5C4387-327D-4ACF-9A8E-D7D9AA899E49}.Release|Any CPU.ActiveCfg = Release|Any CPU
		{3E5C4387-327D-4ACF-9A8E-D7D9AA899E49}.Release|Any CPU.Build.0 = Release|Any CPU
		{3E5C4387-327D-4ACF-9A8E-D7D9AA899E49}.Release|x64.ActiveCfg = Release|Any CPU
		{3E5C4387-327D-4ACF-9A8E-D7D9AA899E49}.Release|x64.Build.0 = Release|Any CPU
		{3E5C4387-327D-4ACF-9A8E-D7D9AA899E49}.TestingBuild|Any CPU.ActiveCfg = Release|Any CPU
		{3E5C4387-327D-4ACF-9A8E-D7D9AA899E49}.TestingBuild|Any CPU.Build.0 = Release|Any CPU
		{3E5C4387-327D-4ACF-9A8E-D7D9AA899E49}.TestingBuild|x64.ActiveCfg = Release|Any CPU
		{3E5C4387-327D-4ACF-9A8E-D7D9AA899E49}.TestingBuild|x64.Build.0 = Release|Any CPU
		{E2471A3F-ABD4-4752-B390-032BD803558E}.Debug|Any CPU.ActiveCfg = Debug|Any CPU
		{E2471A3F-ABD4-4752-B390-032BD803558E}.Debug|Any CPU.Build.0 = Debug|Any CPU
		{E2471A3F-ABD4-4752-B390-032BD803558E}.Debug|x64.ActiveCfg = Debug|Any CPU
		{E2471A3F-ABD4-4752-B390-032BD803558E}.Debug|x64.Build.0 = Debug|Any CPU
		{E2471A3F-ABD4-4752-B390-032BD803558E}.DevelopmentBuild|Any CPU.ActiveCfg = Debug|Any CPU
		{E2471A3F-ABD4-4752-B390-032BD803558E}.DevelopmentBuild|Any CPU.Build.0 = Debug|Any CPU
		{E2471A3F-ABD4-4752-B390-032BD803558E}.DevelopmentBuild|x64.ActiveCfg = Debug|Any CPU
		{E2471A3F-ABD4-4752-B390-032BD803558E}.DevelopmentBuild|x64.Build.0 = Debug|Any CPU
		{E2471A3F-ABD4-4752-B390-032BD803558E}.Release|Any CPU.ActiveCfg = Release|Any CPU
		{E2471A3F-ABD4-4752-B390-032BD803558E}.Release|Any CPU.Build.0 = Release|Any CPU
		{E2471A3F-ABD4-4752-B390-032BD803558E}.Release|x64.ActiveCfg = Release|Any CPU
		{E2471A3F-ABD4-4752-B390-032BD803558E}.Release|x64.Build.0 = Release|Any CPU
		{E2471A3F-ABD4-4752-B390-032BD803558E}.TestingBuild|Any CPU.ActiveCfg = Release|Any CPU
		{E2471A3F-ABD4-4752-B390-032BD803558E}.TestingBuild|Any CPU.Build.0 = Release|Any CPU
		{E2471A3F-ABD4-4752-B390-032BD803558E}.TestingBuild|x64.ActiveCfg = Release|Any CPU
		{E2471A3F-ABD4-4752-B390-032BD803558E}.TestingBuild|x64.Build.0 = Release|Any CPU
		{D9306CDF-415E-4037-B9AF-707EE208A510}.Debug|Any CPU.ActiveCfg = Debug|Any CPU
		{D9306CDF-415E-4037-B9AF-707EE208A510}.Debug|Any CPU.Build.0 = Debug|Any CPU
		{D9306CDF-415E-4037-B9AF-707EE208A510}.Debug|x64.ActiveCfg = Debug|x64
		{D9306CDF-415E-4037-B9AF-707EE208A510}.Debug|x64.Build.0 = Debug|x64
		{D9306CDF-415E-4037-B9AF-707EE208A510}.DevelopmentBuild|Any CPU.ActiveCfg = DevelopmentBuild|Any CPU
		{D9306CDF-415E-4037-B9AF-707EE208A510}.DevelopmentBuild|Any CPU.Build.0 = DevelopmentBuild|Any CPU
		{D9306CDF-415E-4037-B9AF-707EE208A510}.DevelopmentBuild|x64.ActiveCfg = DevelopmentBuild|x64
		{D9306CDF-415E-4037-B9AF-707EE208A510}.DevelopmentBuild|x64.Build.0 = DevelopmentBuild|x64
		{D9306CDF-415E-4037-B9AF-707EE208A510}.Release|Any CPU.ActiveCfg = Release|Any CPU
		{D9306CDF-415E-4037-B9AF-707EE208A510}.Release|Any CPU.Build.0 = Release|Any CPU
		{D9306CDF-415E-4037-B9AF-707EE208A510}.Release|x64.ActiveCfg = Release|x64
		{D9306CDF-415E-4037-B9AF-707EE208A510}.Release|x64.Build.0 = Release|x64
		{D9306CDF-415E-4037-B9AF-707EE208A510}.TestingBuild|Any CPU.ActiveCfg = TestingBuild|Any CPU
		{D9306CDF-415E-4037-B9AF-707EE208A510}.TestingBuild|Any CPU.Build.0 = TestingBuild|Any CPU
		{D9306CDF-415E-4037-B9AF-707EE208A510}.TestingBuild|x64.ActiveCfg = TestingBuild|x64
		{D9306CDF-415E-4037-B9AF-707EE208A510}.TestingBuild|x64.Build.0 = TestingBuild|x64
	EndGlobalSection
	GlobalSection(SolutionProperties) = preSolution
		HideSolutionNode = FALSE
	EndGlobalSection
EndGlobal
